
Microsoft Visual Studio Solution File, Format Version 12.00
# Visual Studio Version 16
VisualStudioVersion = 16.0.31105.61
MinimumVisualStudioVersion = 10.0.40219.1
Project("{FAE04EC0-301F-11D3-BF4B-00C04F79EFBC}") = "BPAcc", "BPAcc\BPAcc.csproj", "{46E899C0-AAD0-4F98-BAEB-ED46BE8405D6}"
EndProject
Global
	GlobalSection(SolutionConfigurationPlatforms) = preSolution
		Debug|Any CPU = Debug|Any CPU
		Release|Any CPU = Release|Any CPU
	EndGlobalSection
	GlobalSection(ProjectConfigurationPlatforms) = postSolution
		{46E899C0-AAD0-4F98-BAEB-ED46BE8405D6}.Debug|Any CPU.ActiveCfg = Debug|Any CPU
		{46E899C0-AAD0-4F98-BAEB-ED46BE8405D6}.Debug|Any CPU.Build.0 = Debug|Any CPU
		{46E899C0-AAD0-4F98-BAEB-ED46BE8405D6}.Release|Any CPU.ActiveCfg = Release|Any CPU
		{46E899C0-AAD0-4F98-BAEB-ED46BE8405D6}.Release|Any CPU.Build.0 = Release|Any CPU
	EndGlobalSection
	GlobalSection(SolutionProperties) = preSolution
		HideSolutionNode = FALSE
	EndGlobalSection
	GlobalSection(ExtensibilityGlobals) = postSolution
		SolutionGuid = {98E95736-BAF2-4A2F-AF4B-AF7D646B17F5}
	EndGlobalSection
EndGlobal
